
Microsoft Visual Studio Solution File, Format Version 12.00
# Visual Studio Version 17
VisualStudioVersion = 17.8.34525.116
MinimumVisualStudioVersion = 10.0.40219.1
Project("{FAE04EC0-301F-11D3-BF4B-00C04F79EFBC}") = "Physics2DTest", "Physics2DTest\Physics2DTest.csproj", "{01A45227-02B3-45C7-A340-89354D227410}"
EndProject
Global
	GlobalSection(SolutionConfigurationPlatforms) = preSolution
		Debug|Any CPU = Debug|Any CPU
		Debug|x64 = Debug|x64
		Release|Any CPU = Release|Any CPU
		Release|x64 = Release|x64
	EndGlobalSection
	GlobalSection(ProjectConfigurationPlatforms) = postSolution
		{01A45227-02B3-45C7-A340-89354D227410}.Debug|Any CPU.ActiveCfg = Debug|Any CPU
		{01A45227-02B3-45C7-A340-89354D227410}.Debug|Any CPU.Build.0 = Debug|Any CPU
		{01A45227-02B3-45C7-A340-89354D227410}.Debug|x64.ActiveCfg = Debug|x64
		{01A45227-02B3-45C7-A340-89354D227410}.Debug|x64.Build.0 = Debug|x64
		{01A45227-02B3-45C7-A340-89354D227410}.Release|Any CPU.ActiveCfg = Release|Any CPU
		{01A45227-02B3-45C7-A340-89354D227410}.Release|Any CPU.Build.0 = Release|Any CPU
		{01A45227-02B3-45C7-A340-89354D227410}.Release|x64.ActiveCfg = Release|x64
		{01A45227-02B3-45C7-A340-89354D227410}.Release|x64.Build.0 = Release|x64
	EndGlobalSection
	GlobalSection(SolutionProperties) = preSolution
		HideSolutionNode = FALSE
	EndGlobalSection
	GlobalSection(ExtensibilityGlobals) = postSolution
		SolutionGuid = {162DFA63-C60D-4823-B35F-69460F5D677C}
	EndGlobalSection
EndGlobal
